// !$*UTF8*$!
{
	archiveVersion = 1;
	classes = {
	};
	objectVersion = 48;
	objects = {

/* Begin PBXBuildFile section */
		0739AA4B3BFA4987EE8876A9 /* Pods_WeatherOnTheMap.framework in Frameworks */ = {isa = PBXBuildFile; fileRef = 7759ECC36D0D23398B0536C9 /* Pods_WeatherOnTheMap.framework */; };
		9C397B3B206BE5A300DD95E1 /* SingleCurrentWeather.swift in Sources */ = {isa = PBXBuildFile; fileRef = 9C397B39206BE5A200DD95E1 /* SingleCurrentWeather.swift */; };
		9C397B3C206BE5A300DD95E1 /* UserDefaults+.swift in Sources */ = {isa = PBXBuildFile; fileRef = 9C397B3A206BE5A200DD95E1 /* UserDefaults+.swift */; };
		9C41BE072109F8FD0079DCD6 /* AboutViewController.swift in Sources */ = {isa = PBXBuildFile; fileRef = 9C41BE062109F8FD0079DCD6 /* AboutViewController.swift */; };
		9C44D52620F6700400597BDD /* WeatherOnTheMapTests.swift in Sources */ = {isa = PBXBuildFile; fileRef = 9C44D52520F6700400597BDD /* WeatherOnTheMapTests.swift */; };
		9C46DEFF1F7B8DC1004834C8 /* Constants.swift in Sources */ = {isa = PBXBuildFile; fileRef = 9C46DEFE1F7B8DC1004834C8 /* Constants.swift */; };
		9C46DF031F7B9255004834C8 /* WeatherService.swift in Sources */ = {isa = PBXBuildFile; fileRef = 9C46DF021F7B9255004834C8 /* WeatherService.swift */; };
		9C46DF071F7B9B37004834C8 /* collectionViewCell.swift in Sources */ = {isa = PBXBuildFile; fileRef = 9C46DF061F7B9B36004834C8 /* collectionViewCell.swift */; };
		9C593F67207E407700F621B8 /* Reachability.swift in Sources */ = {isa = PBXBuildFile; fileRef = 9C593F66207E407700F621B8 /* Reachability.swift */; };
		9C593F69207E89B900F621B8 /* LogoViewController.swift in Sources */ = {isa = PBXBuildFile; fileRef = 9C593F68207E89B900F621B8 /* LogoViewController.swift */; };
		9C593F6F207EA9D400F621B8 /* loader_animation.json in Resources */ = {isa = PBXBuildFile; fileRef = 9C593F6E207EA9D400F621B8 /* loader_animation.json */; };
		9C616C5A283B910A00B1D1F6 /* UILabel+Localize.swift in Sources */ = {isa = PBXBuildFile; fileRef = 9C616C55283B910A00B1D1F6 /* UILabel+Localize.swift */; };
		9C616C5B283B910A00B1D1F6 /* UIColor+UIImageView.swift in Sources */ = {isa = PBXBuildFile; fileRef = 9C616C56283B910A00B1D1F6 /* UIColor+UIImageView.swift */; };
		9C616C5C283B910A00B1D1F6 /* UIView+Extension.swift in Sources */ = {isa = PBXBuildFile; fileRef = 9C616C57283B910A00B1D1F6 /* UIView+Extension.swift */; };
		9C616C5D283B910A00B1D1F6 /* String+Localized.swift in Sources */ = {isa = PBXBuildFile; fileRef = 9C616C58283B910A00B1D1F6 /* String+Localized.swift */; };
		9C616C5E283B910A00B1D1F6 /* UIView+Anchors.swift in Sources */ = {isa = PBXBuildFile; fileRef = 9C616C59283B910A00B1D1F6 /* UIView+Anchors.swift */; };
		9C7B59B721120718002E26F2 /* CreditsViewController.swift in Sources */ = {isa = PBXBuildFile; fileRef = 9C7B59B621120717002E26F2 /* CreditsViewController.swift */; };
		9C80897320F7EC8300211BAB /* SingleCurrentWeather.json in Resources */ = {isa = PBXBuildFile; fileRef = 9C80897220F7EC8300211BAB /* SingleCurrentWeather.json */; };
		9C80897420F7F6FA00211BAB /* SingleCurrentWeather.swift in Sources */ = {isa = PBXBuildFile; fileRef = 9C397B39206BE5A200DD95E1 /* SingleCurrentWeather.swift */; };
		9C9C601B1F7AB4DF00661A58 /* AppDelegate.swift in Sources */ = {isa = PBXBuildFile; fileRef = 9C9C601A1F7AB4DF00661A58 /* AppDelegate.swift */; };
		9C9C60201F7AB4DF00661A58 /* Main.storyboard in Resources */ = {isa = PBXBuildFile; fileRef = 9C9C601E1F7AB4DF00661A58 /* Main.storyboard */; };
		9C9C60221F7AB4DF00661A58 /* Assets.xcassets in Resources */ = {isa = PBXBuildFile; fileRef = 9C9C60211F7AB4DF00661A58 /* Assets.xcassets */; };
		9C9C602E1F7AB92600661A58 /* MainViewController.swift in Sources */ = {isa = PBXBuildFile; fileRef = 9C9C602D1F7AB92600661A58 /* MainViewController.swift */; };
		9C9E699C1F7CED880090B4E4 /* WEATHERinfo.html in Resources */ = {isa = PBXBuildFile; fileRef = 9C46DF0A1F7BBAB9004834C8 /* WEATHERinfo.html */; };
		9CA8AB6B209F52FA005AB691 /* blue_waves_.json in Resources */ = {isa = PBXBuildFile; fileRef = 9CA8AB6A209F52F9005AB691 /* blue_waves_.json */; };
		9CA8AB6F209F58D0005AB691 /* color_line.json in Resources */ = {isa = PBXBuildFile; fileRef = 9CA8AB6E209F58D0005AB691 /* color_line.json */; };
		9CA8AB79209F5EE5005AB691 /* techno_penguin.json in Resources */ = {isa = PBXBuildFile; fileRef = 9CA8AB78209F5EE4005AB691 /* techno_penguin.json */; };
		9CA8AB7B209F616B005AB691 /* loading_ribbon.json in Resources */ = {isa = PBXBuildFile; fileRef = 9CA8AB7A209F616A005AB691 /* loading_ribbon.json */; };
		9CA8AB8D209F6617005AB691 /* yelloader.json in Resources */ = {isa = PBXBuildFile; fileRef = 9CA8AB8C209F6615005AB691 /* yelloader.json */; };
		9CBAF7E5226DEB3900C33055 /* MainInterface.storyboard in Resources */ = {isa = PBXBuildFile; fileRef = 9CBAF7E4226DEB3900C33055 /* MainInterface.storyboard */; };
		9CBAF7E9226DEB3E00C33055 /* TodayViewController.swift in Sources */ = {isa = PBXBuildFile; fileRef = 9CBAF7E7226DEB3E00C33055 /* TodayViewController.swift */; };
		9CC70D721F7ABC080032406D /* PrivacyPolicyViewController.swift in Sources */ = {isa = PBXBuildFile; fileRef = 9CC70D711F7ABC080032406D /* PrivacyPolicyViewController.swift */; };
		9CC9887C21204591009C1EFF /* bg_sun.png in Resources */ = {isa = PBXBuildFile; fileRef = 9CC9887B21204591009C1EFF /* bg_sun.png */; };
		9CD7B646203F6EE70095F58D /* SettingViewController.swift in Sources */ = {isa = PBXBuildFile; fileRef = 9CD7B645203F6EE70095F58D /* SettingViewController.swift */; };
		9CD85D6F2836BA4900606F37 /* Localizable.strings in Resources */ = {isa = PBXBuildFile; fileRef = 9CD85D712836BA4900606F37 /* Localizable.strings */; };
		9CD85D762836C46D00606F37 /* Launch Screen.storyboard in Resources */ = {isa = PBXBuildFile; fileRef = 9CD85D742836C46D00606F37 /* Launch Screen.storyboard */; };
		9CD85D782836CD2200606F37 /* Cell.swift in Sources */ = {isa = PBXBuildFile; fileRef = 9CD85D772836CD2200606F37 /* Cell.swift */; };
		9CD85D7A2836CEE800606F37 /* Localizations.swift in Sources */ = {isa = PBXBuildFile; fileRef = 9CD85D792836CEE800606F37 /* Localizations.swift */; };
		9CDB95ED1FCAD94A0000C689 /* AllCurrentWeather.swift in Sources */ = {isa = PBXBuildFile; fileRef = 9CDB95EC1FCAD94A0000C689 /* AllCurrentWeather.swift */; };
		9CEAE170209D1ACF001415C8 /* logo_final.json in Resources */ = {isa = PBXBuildFile; fileRef = 9CEAE16F209D1ACE001415C8 /* logo_final.json */; };
		9CF5EDAF28365E0B00ADDD17 /* BartyCrouch.swift in Sources */ = {isa = PBXBuildFile; fileRef = 9CF5EDAE28365E0B00ADDD17 /* BartyCrouch.swift */; };
/* End PBXBuildFile section */

/* Begin PBXContainerItemProxy section */
		9C44D52820F6700400597BDD /* PBXContainerItemProxy */ = {
			isa = PBXContainerItemProxy;
			containerPortal = 9C9C600F1F7AB4DF00661A58 /* Project object */;
			proxyType = 1;
			remoteGlobalIDString = 9C9C60161F7AB4DF00661A58;
			remoteInfo = WeatherOnTheMap;
		};
/* End PBXContainerItemProxy section */

/* Begin PBXFileReference section */
		3B3360C6208494869A18A10A /* Pods-WeatherOnTheMap.debug.xcconfig */ = {isa = PBXFileReference; includeInIndex = 1; lastKnownFileType = text.xcconfig; name = "Pods-WeatherOnTheMap.debug.xcconfig"; path = "Pods/Target Support Files/Pods-WeatherOnTheMap/Pods-WeatherOnTheMap.debug.xcconfig"; sourceTree = "<group>"; };
		43F59D6134F2B62EF0C6DA13 /* Pods-WeatherOnTheMap.release.xcconfig */ = {isa = PBXFileReference; includeInIndex = 1; lastKnownFileType = text.xcconfig; name = "Pods-WeatherOnTheMap.release.xcconfig"; path = "Pods/Target Support Files/Pods-WeatherOnTheMap/Pods-WeatherOnTheMap.release.xcconfig"; sourceTree = "<group>"; };
		7759ECC36D0D23398B0536C9 /* Pods_WeatherOnTheMap.framework */ = {isa = PBXFileReference; explicitFileType = wrapper.framework; includeInIndex = 0; path = Pods_WeatherOnTheMap.framework; sourceTree = BUILT_PRODUCTS_DIR; };
		9C397B39206BE5A200DD95E1 /* SingleCurrentWeather.swift */ = {isa = PBXFileReference; fileEncoding = 4; lastKnownFileType = sourcecode.swift; path = SingleCurrentWeather.swift; sourceTree = "<group>"; };
		9C397B3A206BE5A200DD95E1 /* UserDefaults+.swift */ = {isa = PBXFileReference; fileEncoding = 4; lastKnownFileType = sourcecode.swift; path = "UserDefaults+.swift"; sourceTree = "<group>"; };
		9C41BE062109F8FD0079DCD6 /* AboutViewController.swift */ = {isa = PBXFileReference; lastKnownFileType = sourcecode.swift; name = AboutViewController.swift; path = WeatherOnTheMap/Controllers/AboutViewController.swift; sourceTree = SOURCE_ROOT; };
		9C44D52320F6700400597BDD /* WeatherOnTheMapTests.xctest */ = {isa = PBXFileReference; explicitFileType = wrapper.cfbundle; includeInIndex = 0; path = WeatherOnTheMapTests.xctest; sourceTree = BUILT_PRODUCTS_DIR; };
		9C44D52520F6700400597BDD /* WeatherOnTheMapTests.swift */ = {isa = PBXFileReference; lastKnownFileType = sourcecode.swift; path = WeatherOnTheMapTests.swift; sourceTree = "<group>"; };
		9C44D52720F6700400597BDD /* Info.plist */ = {isa = PBXFileReference; lastKnownFileType = text.plist.xml; path = Info.plist; sourceTree = "<group>"; };
		9C46DEFE1F7B8DC1004834C8 /* Constants.swift */ = {isa = PBXFileReference; lastKnownFileType = sourcecode.swift; path = Constants.swift; sourceTree = "<group>"; };
		9C46DF021F7B9255004834C8 /* WeatherService.swift */ = {isa = PBXFileReference; lastKnownFileType = sourcecode.swift; path = WeatherService.swift; sourceTree = "<group>"; };
		9C46DF061F7B9B36004834C8 /* collectionViewCell.swift */ = {isa = PBXFileReference; lastKnownFileType = sourcecode.swift; path = collectionViewCell.swift; sourceTree = "<group>"; };
		9C46DF0A1F7BBAB9004834C8 /* WEATHERinfo.html */ = {isa = PBXFileReference; lastKnownFileType = text.html; path = WEATHERinfo.html; sourceTree = "<group>"; };
		9C593F66207E407700F621B8 /* Reachability.swift */ = {isa = PBXFileReference; fileEncoding = 4; lastKnownFileType = sourcecode.swift; path = Reachability.swift; sourceTree = "<group>"; };
		9C593F68207E89B900F621B8 /* LogoViewController.swift */ = {isa = PBXFileReference; lastKnownFileType = sourcecode.swift; name = LogoViewController.swift; path = WeatherOnTheMap/Controllers/LogoViewController.swift; sourceTree = SOURCE_ROOT; };
		9C593F6E207EA9D400F621B8 /* loader_animation.json */ = {isa = PBXFileReference; fileEncoding = 4; lastKnownFileType = text.json; path = loader_animation.json; sourceTree = "<group>"; };
		9C616C55283B910A00B1D1F6 /* UILabel+Localize.swift */ = {isa = PBXFileReference; fileEncoding = 4; lastKnownFileType = sourcecode.swift; path = "UILabel+Localize.swift"; sourceTree = "<group>"; };
		9C616C56283B910A00B1D1F6 /* UIColor+UIImageView.swift */ = {isa = PBXFileReference; fileEncoding = 4; lastKnownFileType = sourcecode.swift; path = "UIColor+UIImageView.swift"; sourceTree = "<group>"; };
		9C616C57283B910A00B1D1F6 /* UIView+Extension.swift */ = {isa = PBXFileReference; fileEncoding = 4; lastKnownFileType = sourcecode.swift; path = "UIView+Extension.swift"; sourceTree = "<group>"; };
		9C616C58283B910A00B1D1F6 /* String+Localized.swift */ = {isa = PBXFileReference; fileEncoding = 4; lastKnownFileType = sourcecode.swift; path = "String+Localized.swift"; sourceTree = "<group>"; };
		9C616C59283B910A00B1D1F6 /* UIView+Anchors.swift */ = {isa = PBXFileReference; fileEncoding = 4; lastKnownFileType = sourcecode.swift; path = "UIView+Anchors.swift"; sourceTree = "<group>"; };
		9C7B59B621120717002E26F2 /* CreditsViewController.swift */ = {isa = PBXFileReference; fileEncoding = 4; lastKnownFileType = sourcecode.swift; path = CreditsViewController.swift; sourceTree = "<group>"; };
		9C80897220F7EC8300211BAB /* SingleCurrentWeather.json */ = {isa = PBXFileReference; fileEncoding = 4; lastKnownFileType = text.json; path = SingleCurrentWeather.json; sourceTree = "<group>"; };
		9C9C60171F7AB4DF00661A58 /* WeatherOnTheMap.app */ = {isa = PBXFileReference; explicitFileType = wrapper.application; includeInIndex = 0; path = WeatherOnTheMap.app; sourceTree = BUILT_PRODUCTS_DIR; };
		9C9C601A1F7AB4DF00661A58 /* AppDelegate.swift */ = {isa = PBXFileReference; lastKnownFileType = sourcecode.swift; path = AppDelegate.swift; sourceTree = "<group>"; };
		9C9C601F1F7AB4DF00661A58 /* Base */ = {isa = PBXFileReference; lastKnownFileType = file.storyboard; name = Base; path = Base.lproj/Main.storyboard; sourceTree = "<group>"; };
		9C9C60211F7AB4DF00661A58 /* Assets.xcassets */ = {isa = PBXFileReference; lastKnownFileType = folder.assetcatalog; path = Assets.xcassets; sourceTree = "<group>"; };
		9C9C60261F7AB4DF00661A58 /* Info.plist */ = {isa = PBXFileReference; lastKnownFileType = text.plist.xml; path = Info.plist; sourceTree = "<group>"; };
		9C9C602D1F7AB92600661A58 /* MainViewController.swift */ = {isa = PBXFileReference; lastKnownFileType = sourcecode.swift; path = MainViewController.swift; sourceTree = "<group>"; };
		9CA8AB6A209F52F9005AB691 /* blue_waves_.json */ = {isa = PBXFileReference; fileEncoding = 4; lastKnownFileType = text.json; path = blue_waves_.json; sourceTree = "<group>"; };
		9CA8AB6E209F58D0005AB691 /* color_line.json */ = {isa = PBXFileReference; fileEncoding = 4; lastKnownFileType = text.json; path = color_line.json; sourceTree = "<group>"; };
		9CA8AB78209F5EE4005AB691 /* techno_penguin.json */ = {isa = PBXFileReference; fileEncoding = 4; lastKnownFileType = text.json; path = techno_penguin.json; sourceTree = "<group>"; };
		9CA8AB7A209F616A005AB691 /* loading_ribbon.json */ = {isa = PBXFileReference; fileEncoding = 4; lastKnownFileType = text.json; path = loading_ribbon.json; sourceTree = "<group>"; };
		9CA8AB8C209F6615005AB691 /* yelloader.json */ = {isa = PBXFileReference; fileEncoding = 4; lastKnownFileType = text.json; path = yelloader.json; sourceTree = "<group>"; };
		9CBAF7E2226DEAFD00C33055 /* WeatherOnTheMap.entitlements */ = {isa = PBXFileReference; fileEncoding = 4; lastKnownFileType = text.plist.entitlements; path = WeatherOnTheMap.entitlements; sourceTree = "<group>"; };
		9CBAF7E4226DEB3900C33055 /* MainInterface.storyboard */ = {isa = PBXFileReference; fileEncoding = 4; lastKnownFileType = file.storyboard; path = MainInterface.storyboard; sourceTree = "<group>"; };
		9CBAF7E6226DEB3E00C33055 /* Widget.entitlements */ = {isa = PBXFileReference; lastKnownFileType = text.plist.entitlements; path = Widget.entitlements; sourceTree = "<group>"; };
		9CBAF7E7226DEB3E00C33055 /* TodayViewController.swift */ = {isa = PBXFileReference; lastKnownFileType = sourcecode.swift; path = TodayViewController.swift; sourceTree = "<group>"; };
		9CBAF7E8226DEB3E00C33055 /* Info.plist */ = {isa = PBXFileReference; lastKnownFileType = text.plist.xml; path = Info.plist; sourceTree = "<group>"; };
		9CC70D711F7ABC080032406D /* PrivacyPolicyViewController.swift */ = {isa = PBXFileReference; lastKnownFileType = sourcecode.swift; path = PrivacyPolicyViewController.swift; sourceTree = "<group>"; };
		9CC9887B21204591009C1EFF /* bg_sun.png */ = {isa = PBXFileReference; lastKnownFileType = image.png; path = bg_sun.png; sourceTree = "<group>"; };
		9CD7B645203F6EE70095F58D /* SettingViewController.swift */ = {isa = PBXFileReference; fileEncoding = 4; lastKnownFileType = sourcecode.swift; path = SettingViewController.swift; sourceTree = "<group>"; };
		9CD85D722836BD0400606F37 /* hr */ = {isa = PBXFileReference; explicitFileType = text.plist.strings; name = hr; path = hr.lproj/Localizable.strings; sourceTree = "<group>"; };
		9CD85D752836C46D00606F37 /* Base */ = {isa = PBXFileReference; lastKnownFileType = file.storyboard; name = Base; path = "Base.lproj/Launch Screen.storyboard"; sourceTree = "<group>"; };
		9CD85D772836CD2200606F37 /* Cell.swift */ = {isa = PBXFileReference; lastKnownFileType = sourcecode.swift; path = Cell.swift; sourceTree = "<group>"; };
		9CD85D792836CEE800606F37 /* Localizations.swift */ = {isa = PBXFileReference; lastKnownFileType = sourcecode.swift; path = Localizations.swift; sourceTree = "<group>"; };
		9CD85D7C2836E44B00606F37 /* en */ = {isa = PBXFileReference; explicitFileType = text.plist.strings; name = en; path = en.lproj/Localizable.strings; sourceTree = "<group>"; };
		9CDB95EC1FCAD94A0000C689 /* AllCurrentWeather.swift */ = {isa = PBXFileReference; lastKnownFileType = sourcecode.swift; path = AllCurrentWeather.swift; sourceTree = "<group>"; };
		9CEAE16F209D1ACE001415C8 /* logo_final.json */ = {isa = PBXFileReference; fileEncoding = 4; lastKnownFileType = text.json; path = logo_final.json; sourceTree = "<group>"; };
		9CF5EDAE28365E0B00ADDD17 /* BartyCrouch.swift */ = {isa = PBXFileReference; fileEncoding = 4; lastKnownFileType = sourcecode.swift; path = BartyCrouch.swift; sourceTree = "<group>"; };
/* End PBXFileReference section */

/* Begin PBXFrameworksBuildPhase section */
		9C44D52020F6700400597BDD /* Frameworks */ = {
			isa = PBXFrameworksBuildPhase;
			buildActionMask = 2147483647;
			files = (
			);
			runOnlyForDeploymentPostprocessing = 0;
		};
		9C9C60141F7AB4DF00661A58 /* Frameworks */ = {
			isa = PBXFrameworksBuildPhase;
			buildActionMask = 2147483647;
			files = (
				0739AA4B3BFA4987EE8876A9 /* Pods_WeatherOnTheMap.framework in Frameworks */,
			);
			runOnlyForDeploymentPostprocessing = 0;
		};
/* End PBXFrameworksBuildPhase section */

/* Begin PBXGroup section */
		3391321009430EF84CA94C8B /* Pods */ = {
			isa = PBXGroup;
			children = (
				3B3360C6208494869A18A10A /* Pods-WeatherOnTheMap.debug.xcconfig */,
				43F59D6134F2B62EF0C6DA13 /* Pods-WeatherOnTheMap.release.xcconfig */,
			);
			name = Pods;
			sourceTree = "<group>";
		};
		9C44D52420F6700400597BDD /* WeatherOnTheMapTests */ = {
			isa = PBXGroup;
			children = (
				9C44D52520F6700400597BDD /* WeatherOnTheMapTests.swift */,
				9C80897220F7EC8300211BAB /* SingleCurrentWeather.json */,
				9C44D52720F6700400597BDD /* Info.plist */,
			);
			path = WeatherOnTheMapTests;
			sourceTree = "<group>";
		};
		9C46DF001F7B9203004834C8 /* Models */ = {
			isa = PBXGroup;
			children = (
				9C46DEFE1F7B8DC1004834C8 /* Constants.swift */,
				9CDB95EC1FCAD94A0000C689 /* AllCurrentWeather.swift */,
				9C397B39206BE5A200DD95E1 /* SingleCurrentWeather.swift */,
				9C397B3A206BE5A200DD95E1 /* UserDefaults+.swift */,
			);
			path = Models;
			sourceTree = "<group>";
		};
		9C46DF011F7B923D004834C8 /* Services */ = {
			isa = PBXGroup;
			children = (
				9C46DF021F7B9255004834C8 /* WeatherService.swift */,
			);
			path = Services;
			sourceTree = "<group>";
		};
		9C46DF081F7BB438004834C8 /* Controllers */ = {
			isa = PBXGroup;
			children = (
				9C593F68207E89B900F621B8 /* LogoViewController.swift */,
				9C7B59B621120717002E26F2 /* CreditsViewController.swift */,
				9CC70D711F7ABC080032406D /* PrivacyPolicyViewController.swift */,
				9C9C602D1F7AB92600661A58 /* MainViewController.swift */,
				9CD7B645203F6EE70095F58D /* SettingViewController.swift */,
				9C41BE062109F8FD0079DCD6 /* AboutViewController.swift */,
				9C46DF0A1F7BBAB9004834C8 /* WEATHERinfo.html */,
			);
			path = Controllers;
			sourceTree = "<group>";
		};
		9C46DF091F7BB44A004834C8 /* Supporting files */ = {
			isa = PBXGroup;
			children = (
				9CF5EDAE28365E0B00ADDD17 /* BartyCrouch.swift */,
				9CBAF7DF226DE80E00C33055 /* Annimations */,
				9C9C601A1F7AB4DF00661A58 /* AppDelegate.swift */,
				9C46DF061F7B9B36004834C8 /* collectionViewCell.swift */,
				9CD85D792836CEE800606F37 /* Localizations.swift */,
				9CD85D772836CD2200606F37 /* Cell.swift */,
				9C593F66207E407700F621B8 /* Reachability.swift */,
				9CD85D742836C46D00606F37 /* Launch Screen.storyboard */,
				9C9C601E1F7AB4DF00661A58 /* Main.storyboard */,
				9C9C60211F7AB4DF00661A58 /* Assets.xcassets */,
				9CC9887B21204591009C1EFF /* bg_sun.png */,
				9CD85D712836BA4900606F37 /* Localizable.strings */,
			);
			path = "Supporting files";
			sourceTree = "<group>";
		};
		9C616C54283B90F700B1D1F6 /* Helpers */ = {
			isa = PBXGroup;
			children = (
				9C616C58283B910A00B1D1F6 /* String+Localized.swift */,
				9C616C56283B910A00B1D1F6 /* UIColor+UIImageView.swift */,
				9C616C55283B910A00B1D1F6 /* UILabel+Localize.swift */,
				9C616C59283B910A00B1D1F6 /* UIView+Anchors.swift */,
				9C616C57283B910A00B1D1F6 /* UIView+Extension.swift */,
			);
			path = Helpers;
			sourceTree = "<group>";
		};
		9C9C600E1F7AB4DF00661A58 = {
			isa = PBXGroup;
			children = (
				9CBAF7E3226DEB2900C33055 /* Widget */,
				9C9C60191F7AB4DF00661A58 /* WeatherOnTheMap */,
				9C44D52420F6700400597BDD /* WeatherOnTheMapTests */,
				9C9C60181F7AB4DF00661A58 /* Products */,
				3391321009430EF84CA94C8B /* Pods */,
				F6AEBBE368CFF84CC32FBBB8 /* Frameworks */,
			);
			sourceTree = "<group>";
		};
		9C9C60181F7AB4DF00661A58 /* Products */ = {
			isa = PBXGroup;
			children = (
				9C9C60171F7AB4DF00661A58 /* WeatherOnTheMap.app */,
				9C44D52320F6700400597BDD /* WeatherOnTheMapTests.xctest */,
			);
			name = Products;
			sourceTree = "<group>";
		};
		9C9C60191F7AB4DF00661A58 /* WeatherOnTheMap */ = {
			isa = PBXGroup;
			children = (
				9C616C54283B90F700B1D1F6 /* Helpers */,
				9CBAF7E2226DEAFD00C33055 /* WeatherOnTheMap.entitlements */,
				9C9C60261F7AB4DF00661A58 /* Info.plist */,
				9C46DF091F7BB44A004834C8 /* Supporting files */,
				9C46DF001F7B9203004834C8 /* Models */,
				9C46DF081F7BB438004834C8 /* Controllers */,
				9C46DF011F7B923D004834C8 /* Services */,
			);
			path = WeatherOnTheMap;
			sourceTree = "<group>";
		};
		9CBAF7DF226DE80E00C33055 /* Annimations */ = {
			isa = PBXGroup;
			children = (
				9CEAE16F209D1ACE001415C8 /* logo_final.json */,
				9CA8AB6A209F52F9005AB691 /* blue_waves_.json */,
				9CA8AB78209F5EE4005AB691 /* techno_penguin.json */,
				9CA8AB7A209F616A005AB691 /* loading_ribbon.json */,
				9CA8AB8C209F6615005AB691 /* yelloader.json */,
				9CA8AB6E209F58D0005AB691 /* color_line.json */,
				9C593F6E207EA9D400F621B8 /* loader_animation.json */,
			);
			path = Annimations;
			sourceTree = "<group>";
		};
		9CBAF7E3226DEB2900C33055 /* Widget */ = {
			isa = PBXGroup;
			children = (
				9CBAF7E4226DEB3900C33055 /* MainInterface.storyboard */,
				9CBAF7E8226DEB3E00C33055 /* Info.plist */,
				9CBAF7E7226DEB3E00C33055 /* TodayViewController.swift */,
				9CBAF7E6226DEB3E00C33055 /* Widget.entitlements */,
			);
			name = Widget;
			path = "New Group";
			sourceTree = "<group>";
		};
		F6AEBBE368CFF84CC32FBBB8 /* Frameworks */ = {
			isa = PBXGroup;
			children = (
				7759ECC36D0D23398B0536C9 /* Pods_WeatherOnTheMap.framework */,
			);
			name = Frameworks;
			sourceTree = "<group>";
		};
/* End PBXGroup section */

/* Begin PBXNativeTarget section */
		9C44D52220F6700400597BDD /* WeatherOnTheMapTests */ = {
			isa = PBXNativeTarget;
			buildConfigurationList = 9C44D52C20F6700400597BDD /* Build configuration list for PBXNativeTarget "WeatherOnTheMapTests" */;
			buildPhases = (
				9C44D51F20F6700400597BDD /* Sources */,
				9C44D52020F6700400597BDD /* Frameworks */,
				9C44D52120F6700400597BDD /* Resources */,
			);
			buildRules = (
			);
			dependencies = (
				9C44D52920F6700400597BDD /* PBXTargetDependency */,
			);
			name = WeatherOnTheMapTests;
			productName = WeatherOnTheMapTests;
			productReference = 9C44D52320F6700400597BDD /* WeatherOnTheMapTests.xctest */;
			productType = "com.apple.product-type.bundle.unit-test";
		};
		9C9C60161F7AB4DF00661A58 /* WeatherOnTheMap */ = {
			isa = PBXNativeTarget;
			buildConfigurationList = 9C9C60291F7AB4DF00661A58 /* Build configuration list for PBXNativeTarget "WeatherOnTheMap" */;
			buildPhases = (
				1F81DDEAADF7DC0E5E8BD98D /* [CP] Check Pods Manifest.lock */,
				9CF484B3283E7B4B00F9F2B4 /* IncReleaseNumber */,
				9C9C60131F7AB4DF00661A58 /* Sources */,
				9C9C60141F7AB4DF00661A58 /* Frameworks */,
				9C9C60151F7AB4DF00661A58 /* Resources */,
				C199444D3F87E79F7132C204 /* [CP] Embed Pods Frameworks */,
				D655200A6C995962298B347B /* [CP] Copy Pods Resources */,
			);
			buildRules = (
			);
			dependencies = (
			);
			name = WeatherOnTheMap;
			productName = WeatherOnTheMap;
			productReference = 9C9C60171F7AB4DF00661A58 /* WeatherOnTheMap.app */;
			productType = "com.apple.product-type.application";
		};
/* End PBXNativeTarget section */

/* Begin PBXProject section */
		9C9C600F1F7AB4DF00661A58 /* Project object */ = {
			isa = PBXProject;
			attributes = {
				LastSwiftUpdateCheck = 0940;
				LastUpgradeCheck = 0940;
				ORGANIZATIONNAME = "Marina Huber";
				TargetAttributes = {
					9C44D52220F6700400597BDD = {
						CreatedOnToolsVersion = 9.4.1;
						LastSwiftMigration = 1000;
						ProvisioningStyle = Automatic;
						TestTargetID = 9C9C60161F7AB4DF00661A58;
					};
					9C9C60161F7AB4DF00661A58 = {
						CreatedOnToolsVersion = 9.0;
						LastSwiftMigration = 1000;
						ProvisioningStyle = Manual;
					};
				};
			};
			buildConfigurationList = 9C9C60121F7AB4DF00661A58 /* Build configuration list for PBXProject "WeatherOnTheMap" */;
			compatibilityVersion = "Xcode 8.0";
			developmentRegion = en;
			hasScannedForEncodings = 0;
			knownRegions = (
				en,
				Base,
				hr,
			);
			mainGroup = 9C9C600E1F7AB4DF00661A58;
			productRefGroup = 9C9C60181F7AB4DF00661A58 /* Products */;
			projectDirPath = "";
			projectRoot = "";
			targets = (
				9C9C60161F7AB4DF00661A58 /* WeatherOnTheMap */,
				9C44D52220F6700400597BDD /* WeatherOnTheMapTests */,
			);
		};
/* End PBXProject section */

/* Begin PBXResourcesBuildPhase section */
		9C44D52120F6700400597BDD /* Resources */ = {
			isa = PBXResourcesBuildPhase;
			buildActionMask = 2147483647;
			files = (
				9C80897320F7EC8300211BAB /* SingleCurrentWeather.json in Resources */,
			);
			runOnlyForDeploymentPostprocessing = 0;
		};
		9C9C60151F7AB4DF00661A58 /* Resources */ = {
			isa = PBXResourcesBuildPhase;
			buildActionMask = 2147483647;
			files = (
				9CEAE170209D1ACF001415C8 /* logo_final.json in Resources */,
				9C9E699C1F7CED880090B4E4 /* WEATHERinfo.html in Resources */,
				9CA8AB6B209F52FA005AB691 /* blue_waves_.json in Resources */,
				9CD85D6F2836BA4900606F37 /* Localizable.strings in Resources */,
				9C9C60221F7AB4DF00661A58 /* Assets.xcassets in Resources */,
				9C593F6F207EA9D400F621B8 /* loader_animation.json in Resources */,
				9CD85D762836C46D00606F37 /* Launch Screen.storyboard in Resources */,
				9CBAF7E5226DEB3900C33055 /* MainInterface.storyboard in Resources */,
				9C9C60201F7AB4DF00661A58 /* Main.storyboard in Resources */,
				9CA8AB6F209F58D0005AB691 /* color_line.json in Resources */,
				9CA8AB7B209F616B005AB691 /* loading_ribbon.json in Resources */,
				9CA8AB79209F5EE5005AB691 /* techno_penguin.json in Resources */,
				9CC9887C21204591009C1EFF /* bg_sun.png in Resources */,
				9CA8AB8D209F6617005AB691 /* yelloader.json in Resources */,
			);
			runOnlyForDeploymentPostprocessing = 0;
		};
/* End PBXResourcesBuildPhase section */

/* Begin PBXShellScriptBuildPhase section */
		1F81DDEAADF7DC0E5E8BD98D /* [CP] Check Pods Manifest.lock */ = {
			isa = PBXShellScriptBuildPhase;
			buildActionMask = 2147483647;
			files = (
			);
			inputPaths = (
				"${PODS_PODFILE_DIR_PATH}/Podfile.lock",
				"${PODS_ROOT}/Manifest.lock",
			);
			name = "[CP] Check Pods Manifest.lock";
			outputPaths = (
				"$(DERIVED_FILE_DIR)/Pods-WeatherOnTheMap-checkManifestLockResult.txt",
			);
			runOnlyForDeploymentPostprocessing = 0;
			shellPath = /bin/sh;
			shellScript = "diff \"${PODS_PODFILE_DIR_PATH}/Podfile.lock\" \"${PODS_ROOT}/Manifest.lock\" > /dev/null\nif [ $? != 0 ] ; then\n    # print error to STDERR\n    echo \"error: The sandbox is not in sync with the Podfile.lock. Run 'pod install' or update your CocoaPods installation.\" >&2\n    exit 1\nfi\n# This output is used by Xcode 'outputs' to avoid re-running this script phase.\necho \"SUCCESS\" > \"${SCRIPT_OUTPUT_FILE_0}\"\n";
			showEnvVarsInLog = 0;
		};
		9CF484B3283E7B4B00F9F2B4 /* IncReleaseNumber */ = {
			isa = PBXShellScriptBuildPhase;
			buildActionMask = 2147483647;
			files = (
			);
			inputFileListPaths = (
			);
			inputPaths = (
				"$(SRCROOT)/IncBuildNumberScript.swift",
			);
			name = IncReleaseNumber;
			outputFileListPaths = (
			);
			outputPaths = (
			);
			runOnlyForDeploymentPostprocessing = 0;
			shellPath = /bin/sh;
			shellScript = "xcrun --sdk macosx swiftc -parse-as-library $SCRIPT_INPUT_FILE_0 \\\n  -o RealeaseNumberScript\n./RealeaseNumberScript\n\n";
		};
		C199444D3F87E79F7132C204 /* [CP] Embed Pods Frameworks */ = {
			isa = PBXShellScriptBuildPhase;
			buildActionMask = 2147483647;
			files = (
			);
			inputPaths = (
				"${SRCROOT}/Pods/Target Support Files/Pods-WeatherOnTheMap/Pods-WeatherOnTheMap-frameworks.sh",
				"${BUILT_PRODUCTS_DIR}/lottie-ios/Lottie.framework",
			);
			name = "[CP] Embed Pods Frameworks";
			outputPaths = (
				"${TARGET_BUILD_DIR}/${FRAMEWORKS_FOLDER_PATH}/Lottie.framework",
			);
			runOnlyForDeploymentPostprocessing = 0;
			shellPath = /bin/sh;
			shellScript = "\"${SRCROOT}/Pods/Target Support Files/Pods-WeatherOnTheMap/Pods-WeatherOnTheMap-frameworks.sh\"\n";
			showEnvVarsInLog = 0;
		};
		D655200A6C995962298B347B /* [CP] Copy Pods Resources */ = {
			isa = PBXShellScriptBuildPhase;
			buildActionMask = 2147483647;
			files = (
			);
			inputPaths = (
			);
			name = "[CP] Copy Pods Resources";
			outputPaths = (
			);
			runOnlyForDeploymentPostprocessing = 0;
			shellPath = /bin/sh;
			shellScript = "\"${SRCROOT}/Pods/Target Support Files/Pods-WeatherOnTheMap/Pods-WeatherOnTheMap-resources.sh\"\n";
			showEnvVarsInLog = 0;
		};
/* End PBXShellScriptBuildPhase section */

/* Begin PBXSourcesBuildPhase section */
		9C44D51F20F6700400597BDD /* Sources */ = {
			isa = PBXSourcesBuildPhase;
			buildActionMask = 2147483647;
			files = (
				9C80897420F7F6FA00211BAB /* SingleCurrentWeather.swift in Sources */,
				9C44D52620F6700400597BDD /* WeatherOnTheMapTests.swift in Sources */,
			);
			runOnlyForDeploymentPostprocessing = 0;
		};
		9C9C60131F7AB4DF00661A58 /* Sources */ = {
			isa = PBXSourcesBuildPhase;
			buildActionMask = 2147483647;
			files = (
				9C9C601B1F7AB4DF00661A58 /* AppDelegate.swift in Sources */,
				9C616C5E283B910A00B1D1F6 /* UIView+Anchors.swift in Sources */,
				9CDB95ED1FCAD94A0000C689 /* AllCurrentWeather.swift in Sources */,
				9CBAF7E9226DEB3E00C33055 /* TodayViewController.swift in Sources */,
				9C397B3C206BE5A300DD95E1 /* UserDefaults+.swift in Sources */,
				9C593F69207E89B900F621B8 /* LogoViewController.swift in Sources */,
				9C46DF071F7B9B37004834C8 /* collectionViewCell.swift in Sources */,
				9CD7B646203F6EE70095F58D /* SettingViewController.swift in Sources */,
				9C7B59B721120718002E26F2 /* CreditsViewController.swift in Sources */,
				9CC70D721F7ABC080032406D /* PrivacyPolicyViewController.swift in Sources */,
				9CD85D7A2836CEE800606F37 /* Localizations.swift in Sources */,
				9C41BE072109F8FD0079DCD6 /* AboutViewController.swift in Sources */,
				9C593F67207E407700F621B8 /* Reachability.swift in Sources */,
				9C616C5B283B910A00B1D1F6 /* UIColor+UIImageView.swift in Sources */,
				9C9C602E1F7AB92600661A58 /* MainViewController.swift in Sources */,
				9C616C5A283B910A00B1D1F6 /* UILabel+Localize.swift in Sources */,
				9C616C5C283B910A00B1D1F6 /* UIView+Extension.swift in Sources */,
				9C46DEFF1F7B8DC1004834C8 /* Constants.swift in Sources */,
				9C397B3B206BE5A300DD95E1 /* SingleCurrentWeather.swift in Sources */,
				9C46DF031F7B9255004834C8 /* WeatherService.swift in Sources */,
				9CD85D782836CD2200606F37 /* Cell.swift in Sources */,
				9C616C5D283B910A00B1D1F6 /* String+Localized.swift in Sources */,
				9CF5EDAF28365E0B00ADDD17 /* BartyCrouch.swift in Sources */,
			);
			runOnlyForDeploymentPostprocessing = 0;
		};
/* End PBXSourcesBuildPhase section */

/* Begin PBXTargetDependency section */
		9C44D52920F6700400597BDD /* PBXTargetDependency */ = {
			isa = PBXTargetDependency;
			target = 9C9C60161F7AB4DF00661A58 /* WeatherOnTheMap */;
			targetProxy = 9C44D52820F6700400597BDD /* PBXContainerItemProxy */;
		};
/* End PBXTargetDependency section */

/* Begin PBXVariantGroup section */
		9C9C601E1F7AB4DF00661A58 /* Main.storyboard */ = {
			isa = PBXVariantGroup;
			children = (
				9C9C601F1F7AB4DF00661A58 /* Base */,
			);
			name = Main.storyboard;
			sourceTree = "<group>";
		};
		9CD85D712836BA4900606F37 /* Localizable.strings */ = {
			isa = PBXVariantGroup;
			children = (
				9CD85D722836BD0400606F37 /* hr */,
				9CD85D7C2836E44B00606F37 /* en */,
			);
			name = Localizable.strings;
			sourceTree = "<group>";
		};
		9CD85D742836C46D00606F37 /* Launch Screen.storyboard */ = {
			isa = PBXVariantGroup;
			children = (
				9CD85D752836C46D00606F37 /* Base */,
			);
			name = "Launch Screen.storyboard";
			sourceTree = "<group>";
		};
/* End PBXVariantGroup section */

/* Begin XCBuildConfiguration section */
		9C44D52A20F6700400597BDD /* Debug */ = {
			isa = XCBuildConfiguration;
			buildSettings = {
				BUNDLE_LOADER = "$(TEST_HOST)";
				CLANG_ENABLE_OBJC_WEAK = YES;
				CLANG_WARN_DEPRECATED_OBJC_IMPLEMENTATIONS = YES;
				CLANG_WARN_OBJC_IMPLICIT_RETAIN_SELF = YES;
				CODE_SIGN_STYLE = Automatic;
				INFOPLIST_FILE = WeatherOnTheMapTests/Info.plist;
				IPHONEOS_DEPLOYMENT_TARGET = 11.4;
				LD_RUNPATH_SEARCH_PATHS = "$(inherited) @executable_path/Frameworks @loader_path/Frameworks";
				PRODUCT_BUNDLE_IDENTIFIER = "-.WeatherOnTheMapTests";
				PRODUCT_NAME = "$(TARGET_NAME)";
				SWIFT_VERSION = 4.2;
				TARGETED_DEVICE_FAMILY = "1,2";
				TEST_HOST = "$(BUILT_PRODUCTS_DIR)/WeatherOnTheMap.app/WeatherOnTheMap";
			};
			name = Debug;
		};
		9C44D52B20F6700400597BDD /* Release */ = {
			isa = XCBuildConfiguration;
			buildSettings = {
				BUNDLE_LOADER = "$(TEST_HOST)";
				CLANG_ENABLE_OBJC_WEAK = YES;
				CLANG_WARN_DEPRECATED_OBJC_IMPLEMENTATIONS = YES;
				CLANG_WARN_OBJC_IMPLICIT_RETAIN_SELF = YES;
				CODE_SIGN_STYLE = Automatic;
				INFOPLIST_FILE = WeatherOnTheMapTests/Info.plist;
				IPHONEOS_DEPLOYMENT_TARGET = 11.4;
				LD_RUNPATH_SEARCH_PATHS = "$(inherited) @executable_path/Frameworks @loader_path/Frameworks";
				PRODUCT_BUNDLE_IDENTIFIER = "-.WeatherOnTheMapTests";
				PRODUCT_NAME = "$(TARGET_NAME)";
				SWIFT_VERSION = 4.2;
				TARGETED_DEVICE_FAMILY = "1,2";
				TEST_HOST = "$(BUILT_PRODUCTS_DIR)/WeatherOnTheMap.app/WeatherOnTheMap";
			};
			name = Release;
		};
		9C9C60271F7AB4DF00661A58 /* Debug */ = {
			isa = XCBuildConfiguration;
			buildSettings = {
				ALWAYS_SEARCH_USER_PATHS = NO;
				CLANG_ANALYZER_LOCALIZABILITY_NONLOCALIZED = YES;
				CLANG_ANALYZER_NONNULL = YES;
				CLANG_ANALYZER_NUMBER_OBJECT_CONVERSION = YES_AGGRESSIVE;
				CLANG_CXX_LANGUAGE_STANDARD = "gnu++14";
				CLANG_CXX_LIBRARY = "libc++";
				CLANG_ENABLE_MODULES = YES;
				CLANG_ENABLE_OBJC_ARC = YES;
				CLANG_WARN_BLOCK_CAPTURE_AUTORELEASING = YES;
				CLANG_WARN_BOOL_CONVERSION = YES;
				CLANG_WARN_COMMA = YES;
				CLANG_WARN_CONSTANT_CONVERSION = YES;
				CLANG_WARN_DEPRECATED_OBJC_IMPLEMENTATIONS = YES;
				CLANG_WARN_DIRECT_OBJC_ISA_USAGE = YES_ERROR;
				CLANG_WARN_DOCUMENTATION_COMMENTS = YES;
				CLANG_WARN_EMPTY_BODY = YES;
				CLANG_WARN_ENUM_CONVERSION = YES;
				CLANG_WARN_INFINITE_RECURSION = YES;
				CLANG_WARN_INT_CONVERSION = YES;
				CLANG_WARN_NON_LITERAL_NULL_CONVERSION = YES;
				CLANG_WARN_OBJC_IMPLICIT_RETAIN_SELF = YES;
				CLANG_WARN_OBJC_LITERAL_CONVERSION = YES;
				CLANG_WARN_OBJC_ROOT_CLASS = YES_ERROR;
				CLANG_WARN_RANGE_LOOP_ANALYSIS = YES;
				CLANG_WARN_STRICT_PROTOTYPES = YES;
				CLANG_WARN_SUSPICIOUS_MOVE = YES;
				CLANG_WARN_UNGUARDED_AVAILABILITY = YES_AGGRESSIVE;
				CLANG_WARN_UNREACHABLE_CODE = YES;
				CLANG_WARN__DUPLICATE_METHOD_MATCH = YES;
				CODE_SIGN_IDENTITY = "iPhone Developer";
				COPY_PHASE_STRIP = NO;
				DEBUG_INFORMATION_FORMAT = dwarf;
				ENABLE_STRICT_OBJC_MSGSEND = YES;
				ENABLE_TESTABILITY = YES;
				GCC_C_LANGUAGE_STANDARD = gnu11;
				GCC_DYNAMIC_NO_PIC = NO;
				GCC_NO_COMMON_BLOCKS = YES;
				GCC_OPTIMIZATION_LEVEL = 0;
				GCC_PREPROCESSOR_DEFINITIONS = (
					"DEBUG=1",
					"$(inherited)",
				);
				GCC_WARN_64_TO_32_BIT_CONVERSION = YES;
				GCC_WARN_ABOUT_RETURN_TYPE = YES_ERROR;
				GCC_WARN_UNDECLARED_SELECTOR = YES;
				GCC_WARN_UNINITIALIZED_AUTOS = YES_AGGRESSIVE;
				GCC_WARN_UNUSED_FUNCTION = YES;
				GCC_WARN_UNUSED_VARIABLE = YES;
				IPHONEOS_DEPLOYMENT_TARGET = 11.0;
				MTL_ENABLE_DEBUG_INFO = YES;
				ONLY_ACTIVE_ARCH = YES;
				PRODUCT_NAME = SunWeather;
				SDKROOT = iphoneos;
				SWIFT_ACTIVE_COMPILATION_CONDITIONS = DEBUG;
				SWIFT_OPTIMIZATION_LEVEL = "-Onone";
			};
			name = Debug;
		};
		9C9C60281F7AB4DF00661A58 /* Release */ = {
			isa = XCBuildConfiguration;
			buildSettings = {
				ALWAYS_SEARCH_USER_PATHS = NO;
				CLANG_ANALYZER_LOCALIZABILITY_NONLOCALIZED = YES;
				CLANG_ANALYZER_NONNULL = YES;
				CLANG_ANALYZER_NUMBER_OBJECT_CONVERSION = YES_AGGRESSIVE;
				CLANG_CXX_LANGUAGE_STANDARD = "gnu++14";
				CLANG_CXX_LIBRARY = "libc++";
				CLANG_ENABLE_MODULES = YES;
				CLANG_ENABLE_OBJC_ARC = YES;
				CLANG_WARN_BLOCK_CAPTURE_AUTORELEASING = YES;
				CLANG_WARN_BOOL_CONVERSION = YES;
				CLANG_WARN_COMMA = YES;
				CLANG_WARN_CONSTANT_CONVERSION = YES;
				CLANG_WARN_DEPRECATED_OBJC_IMPLEMENTATIONS = YES;
				CLANG_WARN_DIRECT_OBJC_ISA_USAGE = YES_ERROR;
				CLANG_WARN_DOCUMENTATION_COMMENTS = YES;
				CLANG_WARN_EMPTY_BODY = YES;
				CLANG_WARN_ENUM_CONVERSION = YES;
				CLANG_WARN_INFINITE_RECURSION = YES;
				CLANG_WARN_INT_CONVERSION = YES;
				CLANG_WARN_NON_LITERAL_NULL_CONVERSION = YES;
				CLANG_WARN_OBJC_IMPLICIT_RETAIN_SELF = YES;
				CLANG_WARN_OBJC_LITERAL_CONVERSION = YES;
				CLANG_WARN_OBJC_ROOT_CLASS = YES_ERROR;
				CLANG_WARN_RANGE_LOOP_ANALYSIS = YES;
				CLANG_WARN_STRICT_PROTOTYPES = YES;
				CLANG_WARN_SUSPICIOUS_MOVE = YES;
				CLANG_WARN_UNGUARDED_AVAILABILITY = YES_AGGRESSIVE;
				CLANG_WARN_UNREACHABLE_CODE = YES;
				CLANG_WARN__DUPLICATE_METHOD_MATCH = YES;
				CODE_SIGN_IDENTITY = "iPhone Developer";
				COPY_PHASE_STRIP = NO;
				DEBUG_INFORMATION_FORMAT = "dwarf-with-dsym";
				ENABLE_NS_ASSERTIONS = NO;
				ENABLE_STRICT_OBJC_MSGSEND = YES;
				GCC_C_LANGUAGE_STANDARD = gnu11;
				GCC_NO_COMMON_BLOCKS = YES;
				GCC_WARN_64_TO_32_BIT_CONVERSION = YES;
				GCC_WARN_ABOUT_RETURN_TYPE = YES_ERROR;
				GCC_WARN_UNDECLARED_SELECTOR = YES;
				GCC_WARN_UNINITIALIZED_AUTOS = YES_AGGRESSIVE;
				GCC_WARN_UNUSED_FUNCTION = YES;
				GCC_WARN_UNUSED_VARIABLE = YES;
				IPHONEOS_DEPLOYMENT_TARGET = 11.0;
				MTL_ENABLE_DEBUG_INFO = NO;
				PRODUCT_NAME = SunWeather;
				SDKROOT = iphoneos;
				SWIFT_OPTIMIZATION_LEVEL = "-Owholemodule";
				VALIDATE_PRODUCT = YES;
			};
			name = Release;
		};
		9C9C602A1F7AB4DF00661A58 /* Debug */ = {
			isa = XCBuildConfiguration;
			baseConfigurationReference = 3B3360C6208494869A18A10A /* Pods-WeatherOnTheMap.debug.xcconfig */;
			buildSettings = {
				ASSETCATALOG_COMPILER_APPICON_NAME = AppIcon;
				CODE_SIGN_IDENTITY = "iPhone Distribution";
				CODE_SIGN_STYLE = Manual;
				DEVELOPMENT_TEAM = HBS2B82CVU;
				INFOPLIST_FILE = WeatherOnTheMap/Info.plist;
				IPHONEOS_DEPLOYMENT_TARGET = 14.0;
				LD_RUNPATH_SEARCH_PATHS = "$(inherited) @executable_path/Frameworks";
				PRODUCT_BUNDLE_IDENTIFIER = com.hubermarina.SunWeather;
				PRODUCT_NAME = "$(TARGET_NAME)";
				PROVISIONING_PROFILE_SPECIFIER = "Sun Weather";
				SWIFT_EMIT_LOC_STRINGS = YES;
				SWIFT_VERSION = 5.0;
				TARGETED_DEVICE_FAMILY = 1;
			};
			name = Debug;
		};
		9C9C602B1F7AB4DF00661A58 /* Release */ = {
			isa = XCBuildConfiguration;
			baseConfigurationReference = 43F59D6134F2B62EF0C6DA13 /* Pods-WeatherOnTheMap.release.xcconfig */;
			buildSettings = {
				ASSETCATALOG_COMPILER_APPICON_NAME = AppIcon;
				CODE_SIGN_IDENTITY = "iPhone Distribution";
				CODE_SIGN_STYLE = Manual;
				DEVELOPMENT_TEAM = HBS2B82CVU;
				INFOPLIST_FILE = WeatherOnTheMap/Info.plist;
				IPHONEOS_DEPLOYMENT_TARGET = 14.0;
				LD_RUNPATH_SEARCH_PATHS = "$(inherited) @executable_path/Frameworks";
				PRODUCT_BUNDLE_IDENTIFIER = com.hubermarina.SunWeather;
				PRODUCT_NAME = "$(TARGET_NAME)";
				PROVISIONING_PROFILE_SPECIFIER = "Sun Weather";
				SWIFT_EMIT_LOC_STRINGS = YES;
				SWIFT_VERSION = 5.0;
				TARGETED_DEVICE_FAMILY = 1;
			};
			name = Release;
		};
/* End XCBuildConfiguration section */

/* Begin XCConfigurationList section */
		9C44D52C20F6700400597BDD /* Build configuration list for PBXNativeTarget "WeatherOnTheMapTests" */ = {
			isa = XCConfigurationList;
			buildConfigurations = (
				9C44D52A20F6700400597BDD /* Debug */,
				9C44D52B20F6700400597BDD /* Release */,
			);
			defaultConfigurationIsVisible = 0;
			defaultConfigurationName = Release;
		};
		9C9C60121F7AB4DF00661A58 /* Build configuration list for PBXProject "WeatherOnTheMap" */ = {
			isa = XCConfigurationList;
			buildConfigurations = (
				9C9C60271F7AB4DF00661A58 /* Debug */,
				9C9C60281F7AB4DF00661A58 /* Release */,
			);
			defaultConfigurationIsVisible = 0;
			defaultConfigurationName = Release;
		};
		9C9C60291F7AB4DF00661A58 /* Build configuration list for PBXNativeTarget "WeatherOnTheMap" */ = {
			isa = XCConfigurationList;
			buildConfigurations = (
				9C9C602A1F7AB4DF00661A58 /* Debug */,
				9C9C602B1F7AB4DF00661A58 /* Release */,
			);
			defaultConfigurationIsVisible = 0;
			defaultConfigurationName = Release;
		};
/* End XCConfigurationList section */
	};
	rootObject = 9C9C600F1F7AB4DF00661A58 /* Project object */;
}
